// !$*UTF8*$!
{
	archiveVersion = 1;
	classes = {
	};
	objectVersion = 51;
	objects = {

/* Begin PBXBuildFile section */
		67283A14BADCEBC9227168AD /* Pods_ReaddleContacts.framework in Frameworks */ = {isa = PBXBuildFile; fileRef = 4C698E4D33EC62BC36701620 /* Pods_ReaddleContacts.framework */; };
		68A7C8D99D4D6445CA2D2CFC /* Pods_ReaddleContactsTests.framework in Frameworks */ = {isa = PBXBuildFile; fileRef = D75EC9B60BB67E7B97905B41 /* Pods_ReaddleContactsTests.framework */; };
		DA6769D22481594F0072F5DC /* AllToSingleViewAnimation.swift in Sources */ = {isa = PBXBuildFile; fileRef = DA6769D12481594F0072F5DC /* AllToSingleViewAnimation.swift */; };
		DA899A10247C3B2C006F084D /* AllContactsPresener.swift in Sources */ = {isa = PBXBuildFile; fileRef = DA899A0F247C3B2C006F084D /* AllContactsPresener.swift */; };
		DA899A12247C49BB006F084D /* AllContactsPresenterTests.swift in Sources */ = {isa = PBXBuildFile; fileRef = DA899A11247C49BB006F084D /* AllContactsPresenterTests.swift */; };
		DA899A14247C568E006F084D /* SingleContactPresenter.swift in Sources */ = {isa = PBXBuildFile; fileRef = DA899A13247C568E006F084D /* SingleContactPresenter.swift */; };
		DA899A18247C5B3D006F084D /* SingleContactPresenterTests.swift in Sources */ = {isa = PBXBuildFile; fileRef = DA899A17247C5B3D006F084D /* SingleContactPresenterTests.swift */; };
		DA899A1B247D3FC5006F084D /* ImageUtils.swift in Sources */ = {isa = PBXBuildFile; fileRef = DA899A1A247D3FC5006F084D /* ImageUtils.swift */; };
		DA899A1D247D5309006F084D /* ArrayUtils.swift in Sources */ = {isa = PBXBuildFile; fileRef = DA899A1C247D5309006F084D /* ArrayUtils.swift */; };
		DA899A1F247DE442006F084D /* CachedStorage.swift in Sources */ = {isa = PBXBuildFile; fileRef = DA899A1E247DE442006F084D /* CachedStorage.swift */; };
		DA9D7F462481C09A000C7373 /* AnimationUtils.swift in Sources */ = {isa = PBXBuildFile; fileRef = DA9D7F452481C09A000C7373 /* AnimationUtils.swift */; };
		DAA4A12A247C229000426E2F /* ContactsProvider.swift in Sources */ = {isa = PBXBuildFile; fileRef = DAA4A129247C229000426E2F /* ContactsProvider.swift */; };
		DAA4A12C247C240400426E2F /* ContactProviderTests.swift in Sources */ = {isa = PBXBuildFile; fileRef = DAA4A12B247C240400426E2F /* ContactProviderTests.swift */; };
		DAA4A132247C27E000426E2F /* MockContactsProvider.swift in Sources */ = {isa = PBXBuildFile; fileRef = DAA4A131247C27E000426E2F /* MockContactsProvider.swift */; };
		DAC6513324802BC0004EE935 /* AlertErrorHandler.swift in Sources */ = {isa = PBXBuildFile; fileRef = DAC6513224802BC0004EE935 /* AlertErrorHandler.swift */; };
		DAC6513624807C0E004EE935 /* .swiftlint.yml in Resources */ = {isa = PBXBuildFile; fileRef = DAC6513524807C0E004EE935 /* .swiftlint.yml */; };
		DAC6513C24809907004EE935 /* SingleContactViewController.swift in Sources */ = {isa = PBXBuildFile; fileRef = DAC6513B24809907004EE935 /* SingleContactViewController.swift */; };
		DAD43707247EA9F0005E8AAE /* ContactsView.swift in Sources */ = {isa = PBXBuildFile; fileRef = DAD43706247EA9F0005E8AAE /* ContactsView.swift */; };
		DAD43709247EAEFA005E8AAE /* ContactsTableView.swift in Sources */ = {isa = PBXBuildFile; fileRef = DAD43708247EAEFA005E8AAE /* ContactsTableView.swift */; };
		DAD4370B247ED105005E8AAE /* ContactsCollectionView.swift in Sources */ = {isa = PBXBuildFile; fileRef = DAD4370A247ED105005E8AAE /* ContactsCollectionView.swift */; };
		DAEA0AF82482AB97005F8F00 /* RandomNameAPI.swift in Sources */ = {isa = PBXBuildFile; fileRef = DAEA0AF72482AB97005F8F00 /* RandomNameAPI.swift */; };
		DAEA0AFA2482AF6E005F8F00 /* RandomNameAPITests.swift in Sources */ = {isa = PBXBuildFile; fileRef = DAEA0AF92482AF6E005F8F00 /* RandomNameAPITests.swift */; };
		DAEA0AFC2482B712005F8F00 /* StringUtils.swift in Sources */ = {isa = PBXBuildFile; fileRef = DAEA0AFB2482B712005F8F00 /* StringUtils.swift */; };
		DAEA0AFE2482C266005F8F00 /* DataProviderCommon.swift in Sources */ = {isa = PBXBuildFile; fileRef = DAEA0AFD2482C266005F8F00 /* DataProviderCommon.swift */; };
		DAEA0B002482C535005F8F00 /* Utils.swift in Sources */ = {isa = PBXBuildFile; fileRef = DAEA0AFF2482C535005F8F00 /* Utils.swift */; };
		DAF480E2247C047E00D165D2 /* AppDelegate.swift in Sources */ = {isa = PBXBuildFile; fileRef = DAF480E1247C047E00D165D2 /* AppDelegate.swift */; };
		DAF480E4247C047E00D165D2 /* SceneDelegate.swift in Sources */ = {isa = PBXBuildFile; fileRef = DAF480E3247C047E00D165D2 /* SceneDelegate.swift */; };
		DAF480E6247C047E00D165D2 /* AllContactsViewController.swift in Sources */ = {isa = PBXBuildFile; fileRef = DAF480E5247C047E00D165D2 /* AllContactsViewController.swift */; };
		DAF480EB247C048000D165D2 /* Assets.xcassets in Resources */ = {isa = PBXBuildFile; fileRef = DAF480EA247C048000D165D2 /* Assets.xcassets */; };
		DAF480EE247C048000D165D2 /* LaunchScreen.storyboard in Resources */ = {isa = PBXBuildFile; fileRef = DAF480EC247C048000D165D2 /* LaunchScreen.storyboard */; };
		DAF480F9247C048000D165D2 /* GravatarTests.swift in Sources */ = {isa = PBXBuildFile; fileRef = DAF480F8247C048000D165D2 /* GravatarTests.swift */; };
		DAF48105247C069D00D165D2 /* GravatarAPI.swift in Sources */ = {isa = PBXBuildFile; fileRef = DAF48104247C069D00D165D2 /* GravatarAPI.swift */; };
		DAF48108247C07D700D165D2 /* NetGravatarAPI.swift in Sources */ = {isa = PBXBuildFile; fileRef = DAF48107247C07D700D165D2 /* NetGravatarAPI.swift */; };
		DAF4810C247C0C9100D165D2 /* NetCommon.swift in Sources */ = {isa = PBXBuildFile; fileRef = DAF4810B247C0C9100D165D2 /* NetCommon.swift */; };
		DAF7E2E8247E9CD800FAC543 /* AvatarView.swift in Sources */ = {isa = PBXBuildFile; fileRef = DAF7E2E7247E9CD800FAC543 /* AvatarView.swift */; };
/* End PBXBuildFile section */

/* Begin PBXContainerItemProxy section */
		DAF480F5247C048000D165D2 /* PBXContainerItemProxy */ = {
			isa = PBXContainerItemProxy;
			containerPortal = DAF480D6247C047E00D165D2 /* Project object */;
			proxyType = 1;
			remoteGlobalIDString = DAF480DD247C047E00D165D2;
			remoteInfo = ReaddleContacts;
		};
/* End PBXContainerItemProxy section */

/* Begin PBXFileReference section */
		44E39941F4AFE76795B83753 /* Pods-ReaddleContacts.debug.xcconfig */ = {isa = PBXFileReference; includeInIndex = 1; lastKnownFileType = text.xcconfig; name = "Pods-ReaddleContacts.debug.xcconfig"; path = "Target Support Files/Pods-ReaddleContacts/Pods-ReaddleContacts.debug.xcconfig"; sourceTree = "<group>"; };
		4C698E4D33EC62BC36701620 /* Pods_ReaddleContacts.framework */ = {isa = PBXFileReference; explicitFileType = wrapper.framework; includeInIndex = 0; path = Pods_ReaddleContacts.framework; sourceTree = BUILT_PRODUCTS_DIR; };
		609D0195C480619734844F69 /* Pods-ReaddleContactsTests.debug.xcconfig */ = {isa = PBXFileReference; includeInIndex = 1; lastKnownFileType = text.xcconfig; name = "Pods-ReaddleContactsTests.debug.xcconfig"; path = "Target Support Files/Pods-ReaddleContactsTests/Pods-ReaddleContactsTests.debug.xcconfig"; sourceTree = "<group>"; };
		A18E2B046514B77F64031B84 /* Pods-ReaddleContactsTests.release.xcconfig */ = {isa = PBXFileReference; includeInIndex = 1; lastKnownFileType = text.xcconfig; name = "Pods-ReaddleContactsTests.release.xcconfig"; path = "Target Support Files/Pods-ReaddleContactsTests/Pods-ReaddleContactsTests.release.xcconfig"; sourceTree = "<group>"; };
		D2D4D9AE1F387A14D8070E61 /* Pods-ReaddleContacts.release.xcconfig */ = {isa = PBXFileReference; includeInIndex = 1; lastKnownFileType = text.xcconfig; name = "Pods-ReaddleContacts.release.xcconfig"; path = "Target Support Files/Pods-ReaddleContacts/Pods-ReaddleContacts.release.xcconfig"; sourceTree = "<group>"; };
		D75EC9B60BB67E7B97905B41 /* Pods_ReaddleContactsTests.framework */ = {isa = PBXFileReference; explicitFileType = wrapper.framework; includeInIndex = 0; path = Pods_ReaddleContactsTests.framework; sourceTree = BUILT_PRODUCTS_DIR; };
		DA6769D12481594F0072F5DC /* AllToSingleViewAnimation.swift */ = {isa = PBXFileReference; lastKnownFileType = sourcecode.swift; path = AllToSingleViewAnimation.swift; sourceTree = "<group>"; };
		DA899A0F247C3B2C006F084D /* AllContactsPresener.swift */ = {isa = PBXFileReference; lastKnownFileType = sourcecode.swift; path = AllContactsPresener.swift; sourceTree = "<group>"; };
		DA899A11247C49BB006F084D /* AllContactsPresenterTests.swift */ = {isa = PBXFileReference; lastKnownFileType = sourcecode.swift; path = AllContactsPresenterTests.swift; sourceTree = "<group>"; };
		DA899A13247C568E006F084D /* SingleContactPresenter.swift */ = {isa = PBXFileReference; lastKnownFileType = sourcecode.swift; path = SingleContactPresenter.swift; sourceTree = "<group>"; };
		DA899A17247C5B3D006F084D /* SingleContactPresenterTests.swift */ = {isa = PBXFileReference; lastKnownFileType = sourcecode.swift; path = SingleContactPresenterTests.swift; sourceTree = "<group>"; };
		DA899A1A247D3FC5006F084D /* ImageUtils.swift */ = {isa = PBXFileReference; lastKnownFileType = sourcecode.swift; path = ImageUtils.swift; sourceTree = "<group>"; };
		DA899A1C247D5309006F084D /* ArrayUtils.swift */ = {isa = PBXFileReference; lastKnownFileType = sourcecode.swift; path = ArrayUtils.swift; sourceTree = "<group>"; };
		DA899A1E247DE442006F084D /* CachedStorage.swift */ = {isa = PBXFileReference; lastKnownFileType = sourcecode.swift; path = CachedStorage.swift; sourceTree = "<group>"; };
		DA9D7F452481C09A000C7373 /* AnimationUtils.swift */ = {isa = PBXFileReference; lastKnownFileType = sourcecode.swift; path = AnimationUtils.swift; sourceTree = "<group>"; };
		DAA4A129247C229000426E2F /* ContactsProvider.swift */ = {isa = PBXFileReference; lastKnownFileType = sourcecode.swift; path = ContactsProvider.swift; sourceTree = "<group>"; };
		DAA4A12B247C240400426E2F /* ContactProviderTests.swift */ = {isa = PBXFileReference; lastKnownFileType = sourcecode.swift; path = ContactProviderTests.swift; sourceTree = "<group>"; };
		DAA4A131247C27E000426E2F /* MockContactsProvider.swift */ = {isa = PBXFileReference; lastKnownFileType = sourcecode.swift; path = MockContactsProvider.swift; sourceTree = "<group>"; };
		DAC6513224802BC0004EE935 /* AlertErrorHandler.swift */ = {isa = PBXFileReference; lastKnownFileType = sourcecode.swift; path = AlertErrorHandler.swift; sourceTree = "<group>"; };
		DAC6513524807C0E004EE935 /* .swiftlint.yml */ = {isa = PBXFileReference; lastKnownFileType = text.yaml; path = .swiftlint.yml; sourceTree = "<group>"; };
		DAC6513B24809907004EE935 /* SingleContactViewController.swift */ = {isa = PBXFileReference; lastKnownFileType = sourcecode.swift; path = SingleContactViewController.swift; sourceTree = "<group>"; };
		DAD43706247EA9F0005E8AAE /* ContactsView.swift */ = {isa = PBXFileReference; lastKnownFileType = sourcecode.swift; path = ContactsView.swift; sourceTree = "<group>"; };
		DAD43708247EAEFA005E8AAE /* ContactsTableView.swift */ = {isa = PBXFileReference; lastKnownFileType = sourcecode.swift; path = ContactsTableView.swift; sourceTree = "<group>"; };
		DAD4370A247ED105005E8AAE /* ContactsCollectionView.swift */ = {isa = PBXFileReference; lastKnownFileType = sourcecode.swift; path = ContactsCollectionView.swift; sourceTree = "<group>"; };
		DAEA0AF72482AB97005F8F00 /* RandomNameAPI.swift */ = {isa = PBXFileReference; lastKnownFileType = sourcecode.swift; path = RandomNameAPI.swift; sourceTree = "<group>"; };
		DAEA0AF92482AF6E005F8F00 /* RandomNameAPITests.swift */ = {isa = PBXFileReference; lastKnownFileType = sourcecode.swift; path = RandomNameAPITests.swift; sourceTree = "<group>"; };
		DAEA0AFB2482B712005F8F00 /* StringUtils.swift */ = {isa = PBXFileReference; lastKnownFileType = sourcecode.swift; path = StringUtils.swift; sourceTree = "<group>"; };
		DAEA0AFD2482C266005F8F00 /* DataProviderCommon.swift */ = {isa = PBXFileReference; fileEncoding = 4; lastKnownFileType = sourcecode.swift; path = DataProviderCommon.swift; sourceTree = "<group>"; };
		DAEA0AFF2482C535005F8F00 /* Utils.swift */ = {isa = PBXFileReference; lastKnownFileType = sourcecode.swift; path = Utils.swift; sourceTree = "<group>"; };
		DAF480DE247C047E00D165D2 /* ReaddleContacts.app */ = {isa = PBXFileReference; explicitFileType = wrapper.application; includeInIndex = 0; path = ReaddleContacts.app; sourceTree = BUILT_PRODUCTS_DIR; };
		DAF480E1247C047E00D165D2 /* AppDelegate.swift */ = {isa = PBXFileReference; lastKnownFileType = sourcecode.swift; path = AppDelegate.swift; sourceTree = "<group>"; };
		DAF480E3247C047E00D165D2 /* SceneDelegate.swift */ = {isa = PBXFileReference; lastKnownFileType = sourcecode.swift; path = SceneDelegate.swift; sourceTree = "<group>"; };
		DAF480E5247C047E00D165D2 /* AllContactsViewController.swift */ = {isa = PBXFileReference; lastKnownFileType = sourcecode.swift; path = AllContactsViewController.swift; sourceTree = "<group>"; };
		DAF480EA247C048000D165D2 /* Assets.xcassets */ = {isa = PBXFileReference; lastKnownFileType = folder.assetcatalog; path = Assets.xcassets; sourceTree = "<group>"; };
		DAF480ED247C048000D165D2 /* Base */ = {isa = PBXFileReference; lastKnownFileType = file.storyboard; name = Base; path = Base.lproj/LaunchScreen.storyboard; sourceTree = "<group>"; };
		DAF480EF247C048000D165D2 /* Info.plist */ = {isa = PBXFileReference; lastKnownFileType = text.plist.xml; path = Info.plist; sourceTree = "<group>"; };
		DAF480F4247C048000D165D2 /* ReaddleContactsTests.xctest */ = {isa = PBXFileReference; explicitFileType = wrapper.cfbundle; includeInIndex = 0; path = ReaddleContactsTests.xctest; sourceTree = BUILT_PRODUCTS_DIR; };
		DAF480F8247C048000D165D2 /* GravatarTests.swift */ = {isa = PBXFileReference; lastKnownFileType = sourcecode.swift; path = GravatarTests.swift; sourceTree = "<group>"; };
		DAF480FA247C048000D165D2 /* Info.plist */ = {isa = PBXFileReference; lastKnownFileType = text.plist.xml; path = Info.plist; sourceTree = "<group>"; };
		DAF48104247C069D00D165D2 /* GravatarAPI.swift */ = {isa = PBXFileReference; lastKnownFileType = sourcecode.swift; path = GravatarAPI.swift; sourceTree = "<group>"; };
		DAF48107247C07D700D165D2 /* NetGravatarAPI.swift */ = {isa = PBXFileReference; lastKnownFileType = sourcecode.swift; path = NetGravatarAPI.swift; sourceTree = "<group>"; };
		DAF4810B247C0C9100D165D2 /* NetCommon.swift */ = {isa = PBXFileReference; lastKnownFileType = sourcecode.swift; path = NetCommon.swift; sourceTree = "<group>"; };
		DAF7E2E7247E9CD800FAC543 /* AvatarView.swift */ = {isa = PBXFileReference; lastKnownFileType = sourcecode.swift; path = AvatarView.swift; sourceTree = "<group>"; };
/* End PBXFileReference section */

/* Begin PBXFrameworksBuildPhase section */
		DAF480DB247C047E00D165D2 /* Frameworks */ = {
			isa = PBXFrameworksBuildPhase;
			buildActionMask = 2147483647;
			files = (
				67283A14BADCEBC9227168AD /* Pods_ReaddleContacts.framework in Frameworks */,
			);
			runOnlyForDeploymentPostprocessing = 0;
		};
		DAF480F1247C048000D165D2 /* Frameworks */ = {
			isa = PBXFrameworksBuildPhase;
			buildActionMask = 2147483647;
			files = (
				68A7C8D99D4D6445CA2D2CFC /* Pods_ReaddleContactsTests.framework in Frameworks */,
			);
			runOnlyForDeploymentPostprocessing = 0;
		};
/* End PBXFrameworksBuildPhase section */

/* Begin PBXGroup section */
		9E434AD280D27F7FF7E6450E /* Frameworks */ = {
			isa = PBXGroup;
			children = (
				4C698E4D33EC62BC36701620 /* Pods_ReaddleContacts.framework */,
				D75EC9B60BB67E7B97905B41 /* Pods_ReaddleContactsTests.framework */,
			);
			name = Frameworks;
			sourceTree = "<group>";
		};
		A4EBB61A173DA7BE9862509A /* Pods */ = {
			isa = PBXGroup;
			children = (
				44E39941F4AFE76795B83753 /* Pods-ReaddleContacts.debug.xcconfig */,
				D2D4D9AE1F387A14D8070E61 /* Pods-ReaddleContacts.release.xcconfig */,
				609D0195C480619734844F69 /* Pods-ReaddleContactsTests.debug.xcconfig */,
				A18E2B046514B77F64031B84 /* Pods-ReaddleContactsTests.release.xcconfig */,
			);
			path = Pods;
			sourceTree = "<group>";
		};
		DA899A0E247C3B05006F084D /* Presenters */ = {
			isa = PBXGroup;
			children = (
				DA899A0F247C3B2C006F084D /* AllContactsPresener.swift */,
				DA899A13247C568E006F084D /* SingleContactPresenter.swift */,
			);
			path = Presenters;
			sourceTree = "<group>";
		};
		DA899A19247D3FBB006F084D /* Utils */ = {
			isa = PBXGroup;
			children = (
				DA899A1A247D3FC5006F084D /* ImageUtils.swift */,
				DA899A1C247D5309006F084D /* ArrayUtils.swift */,
				DA899A1E247DE442006F084D /* CachedStorage.swift */,
				DAEA0AFB2482B712005F8F00 /* StringUtils.swift */,
				DAEA0AFF2482C535005F8F00 /* Utils.swift */,
			);
			path = Utils;
			sourceTree = "<group>";
		};
		DAA4A128247C227400426E2F /* ContactsProvider */ = {
			isa = PBXGroup;
			children = (
				DAA4A129247C229000426E2F /* ContactsProvider.swift */,
				DAA4A131247C27E000426E2F /* MockContactsProvider.swift */,
			);
			path = ContactsProvider;
			sourceTree = "<group>";
		};
		DAA4A12E247C262F00426E2F /* DataProviders */ = {
			isa = PBXGroup;
			children = (
				DAEA0AFD2482C266005F8F00 /* DataProviderCommon.swift */,
				DAF48103247C056A00D165D2 /* Net */,
				DAA4A128247C227400426E2F /* ContactsProvider */,
			);
			path = DataProviders;
			sourceTree = "<group>";
		};
		DAEA0AF62482AB84005F8F00 /* Random Name */ = {
			isa = PBXGroup;
			children = (
				DAEA0AF72482AB97005F8F00 /* RandomNameAPI.swift */,
			);
			path = "Random Name";
			sourceTree = "<group>";
		};
		DAF480D5247C047E00D165D2 = {
			isa = PBXGroup;
			children = (
				DAC6513524807C0E004EE935 /* .swiftlint.yml */,
				DAF480E0247C047E00D165D2 /* ReaddleContacts */,
				DAF480F7247C048000D165D2 /* ReaddleContactsTests */,
				DAF480DF247C047E00D165D2 /* Products */,
				A4EBB61A173DA7BE9862509A /* Pods */,
				9E434AD280D27F7FF7E6450E /* Frameworks */,
			);
			sourceTree = "<group>";
		};
		DAF480DF247C047E00D165D2 /* Products */ = {
			isa = PBXGroup;
			children = (
				DAF480DE247C047E00D165D2 /* ReaddleContacts.app */,
				DAF480F4247C048000D165D2 /* ReaddleContactsTests.xctest */,
			);
			name = Products;
			sourceTree = "<group>";
		};
		DAF480E0247C047E00D165D2 /* ReaddleContacts */ = {
			isa = PBXGroup;
			children = (
				DAF7E2E6247E9CA800FAC543 /* UI */,
				DA899A19247D3FBB006F084D /* Utils */,
				DA899A0E247C3B05006F084D /* Presenters */,
				DAA4A12E247C262F00426E2F /* DataProviders */,
				DAF480E1247C047E00D165D2 /* AppDelegate.swift */,
				DAF480E3247C047E00D165D2 /* SceneDelegate.swift */,
				DAF480EA247C048000D165D2 /* Assets.xcassets */,
				DAF480EC247C048000D165D2 /* LaunchScreen.storyboard */,
				DAF480EF247C048000D165D2 /* Info.plist */,
			);
			path = ReaddleContacts;
			sourceTree = "<group>";
		};
		DAF480F7247C048000D165D2 /* ReaddleContactsTests */ = {
			isa = PBXGroup;
			children = (
				DAF480F8247C048000D165D2 /* GravatarTests.swift */,
				DAF480FA247C048000D165D2 /* Info.plist */,
				DAA4A12B247C240400426E2F /* ContactProviderTests.swift */,
				DA899A11247C49BB006F084D /* AllContactsPresenterTests.swift */,
				DA899A17247C5B3D006F084D /* SingleContactPresenterTests.swift */,
				DAEA0AF92482AF6E005F8F00 /* RandomNameAPITests.swift */,
			);
			path = ReaddleContactsTests;
			sourceTree = "<group>";
		};
		DAF48103247C056A00D165D2 /* Net */ = {
			isa = PBXGroup;
			children = (
				DAEA0AF62482AB84005F8F00 /* Random Name */,
				DAF48106247C07C600D165D2 /* Gravatar */,
				DAF4810B247C0C9100D165D2 /* NetCommon.swift */,
			);
			path = Net;
			sourceTree = "<group>";
		};
		DAF48106247C07C600D165D2 /* Gravatar */ = {
			isa = PBXGroup;
			children = (
				DAF48104247C069D00D165D2 /* GravatarAPI.swift */,
				DAF48107247C07D700D165D2 /* NetGravatarAPI.swift */,
			);
			path = Gravatar;
			sourceTree = "<group>";
		};
		DAF7E2E6247E9CA800FAC543 /* UI */ = {
			isa = PBXGroup;
			children = (
				DAF480E5247C047E00D165D2 /* AllContactsViewController.swift */,
				DAC6513B24809907004EE935 /* SingleContactViewController.swift */,
				DAF7E2E7247E9CD800FAC543 /* AvatarView.swift */,
				DAD43706247EA9F0005E8AAE /* ContactsView.swift */,
				DAD43708247EAEFA005E8AAE /* ContactsTableView.swift */,
				DAD4370A247ED105005E8AAE /* ContactsCollectionView.swift */,
				DAC6513224802BC0004EE935 /* AlertErrorHandler.swift */,
				DA6769D12481594F0072F5DC /* AllToSingleViewAnimation.swift */,
				DA9D7F452481C09A000C7373 /* AnimationUtils.swift */,
			);
			path = UI;
			sourceTree = "<group>";
		};
/* End PBXGroup section */

/* Begin PBXNativeTarget section */
		DAF480DD247C047E00D165D2 /* ReaddleContacts */ = {
			isa = PBXNativeTarget;
			buildConfigurationList = DAF480FD247C048000D165D2 /* Build configuration list for PBXNativeTarget "ReaddleContacts" */;
			buildPhases = (
				9247924F366E0A48A31D73B7 /* [CP] Check Pods Manifest.lock */,
				DAF480DA247C047E00D165D2 /* Sources */,
				DAF480DB247C047E00D165D2 /* Frameworks */,
				DAF480DC247C047E00D165D2 /* Resources */,
				5B7E4106BACDE7D18094FFF4 /* [CP] Embed Pods Frameworks */,
				DAC6513424807A46004EE935 /* ShellScript */,
			);
			buildRules = (
			);
			dependencies = (
			);
			name = ReaddleContacts;
			productName = ReaddleContacts;
			productReference = DAF480DE247C047E00D165D2 /* ReaddleContacts.app */;
			productType = "com.apple.product-type.application";
		};
		DAF480F3247C048000D165D2 /* ReaddleContactsTests */ = {
			isa = PBXNativeTarget;
			buildConfigurationList = DAF48100247C048000D165D2 /* Build configuration list for PBXNativeTarget "ReaddleContactsTests" */;
			buildPhases = (
				6AE2420E7643F6E28D6EC558 /* [CP] Check Pods Manifest.lock */,
				DAF480F0247C048000D165D2 /* Sources */,
				DAF480F1247C048000D165D2 /* Frameworks */,
				DAF480F2247C048000D165D2 /* Resources */,
			);
			buildRules = (
			);
			dependencies = (
				DAF480F6247C048000D165D2 /* PBXTargetDependency */,
			);
			name = ReaddleContactsTests;
			productName = ReaddleContactsTests;
			productReference = DAF480F4247C048000D165D2 /* ReaddleContactsTests.xctest */;
			productType = "com.apple.product-type.bundle.unit-test";
		};
/* End PBXNativeTarget section */

/* Begin PBXProject section */
		DAF480D6247C047E00D165D2 /* Project object */ = {
			isa = PBXProject;
			attributes = {
				LastSwiftUpdateCheck = 1140;
				LastUpgradeCheck = 1140;
				ORGANIZATIONNAME = "Andrii Zinoviev";
				TargetAttributes = {
					DAF480DD247C047E00D165D2 = {
						CreatedOnToolsVersion = 11.4;
					};
					DAF480F3247C048000D165D2 = {
						CreatedOnToolsVersion = 11.4;
						TestTargetID = DAF480DD247C047E00D165D2;
					};
				};
			};
			buildConfigurationList = DAF480D9247C047E00D165D2 /* Build configuration list for PBXProject "ReaddleContacts" */;
			compatibilityVersion = "Xcode 9.3";
			developmentRegion = en;
			hasScannedForEncodings = 0;
			knownRegions = (
				en,
				Base,
			);
			mainGroup = DAF480D5247C047E00D165D2;
			productRefGroup = DAF480DF247C047E00D165D2 /* Products */;
			projectDirPath = "";
			projectRoot = "";
			targets = (
				DAF480DD247C047E00D165D2 /* ReaddleContacts */,
				DAF480F3247C048000D165D2 /* ReaddleContactsTests */,
			);
		};
/* End PBXProject section */

/* Begin PBXResourcesBuildPhase section */
		DAF480DC247C047E00D165D2 /* Resources */ = {
			isa = PBXResourcesBuildPhase;
			buildActionMask = 2147483647;
			files = (
				DAC6513624807C0E004EE935 /* .swiftlint.yml in Resources */,
				DAF480EE247C048000D165D2 /* LaunchScreen.storyboard in Resources */,
				DAF480EB247C048000D165D2 /* Assets.xcassets in Resources */,
			);
			runOnlyForDeploymentPostprocessing = 0;
		};
		DAF480F2247C048000D165D2 /* Resources */ = {
			isa = PBXResourcesBuildPhase;
			buildActionMask = 2147483647;
			files = (
			);
			runOnlyForDeploymentPostprocessing = 0;
		};
/* End PBXResourcesBuildPhase section */

/* Begin PBXShellScriptBuildPhase section */
		5B7E4106BACDE7D18094FFF4 /* [CP] Embed Pods Frameworks */ = {
			isa = PBXShellScriptBuildPhase;
			buildActionMask = 2147483647;
			files = (
			);
			inputFileListPaths = (
				"${PODS_ROOT}/Target Support Files/Pods-ReaddleContacts/Pods-ReaddleContacts-frameworks-${CONFIGURATION}-input-files.xcfilelist",
			);
			name = "[CP] Embed Pods Frameworks";
			outputFileListPaths = (
				"${PODS_ROOT}/Target Support Files/Pods-ReaddleContacts/Pods-ReaddleContacts-frameworks-${CONFIGURATION}-output-files.xcfilelist",
			);
			runOnlyForDeploymentPostprocessing = 0;
			shellPath = /bin/sh;
			shellScript = "\"${PODS_ROOT}/Target Support Files/Pods-ReaddleContacts/Pods-ReaddleContacts-frameworks.sh\"\n";
			showEnvVarsInLog = 0;
		};
		6AE2420E7643F6E28D6EC558 /* [CP] Check Pods Manifest.lock */ = {
			isa = PBXShellScriptBuildPhase;
			buildActionMask = 2147483647;
			files = (
			);
			inputFileListPaths = (
			);
			inputPaths = (
				"${PODS_PODFILE_DIR_PATH}/Podfile.lock",
				"${PODS_ROOT}/Manifest.lock",
			);
			name = "[CP] Check Pods Manifest.lock";
			outputFileListPaths = (
			);
			outputPaths = (
				"$(DERIVED_FILE_DIR)/Pods-ReaddleContactsTests-checkManifestLockResult.txt",
			);
			runOnlyForDeploymentPostprocessing = 0;
			shellPath = /bin/sh;
			shellScript = "diff \"${PODS_PODFILE_DIR_PATH}/Podfile.lock\" \"${PODS_ROOT}/Manifest.lock\" > /dev/null\nif [ $? != 0 ] ; then\n    # print error to STDERR\n    echo \"error: The sandbox is not in sync with the Podfile.lock. Run 'pod install' or update your CocoaPods installation.\" >&2\n    exit 1\nfi\n# This output is used by Xcode 'outputs' to avoid re-running this script phase.\necho \"SUCCESS\" > \"${SCRIPT_OUTPUT_FILE_0}\"\n";
			showEnvVarsInLog = 0;
		};
		9247924F366E0A48A31D73B7 /* [CP] Check Pods Manifest.lock */ = {
			isa = PBXShellScriptBuildPhase;
			buildActionMask = 2147483647;
			files = (
			);
			inputFileListPaths = (
			);
			inputPaths = (
				"${PODS_PODFILE_DIR_PATH}/Podfile.lock",
				"${PODS_ROOT}/Manifest.lock",
			);
			name = "[CP] Check Pods Manifest.lock";
			outputFileListPaths = (
			);
			outputPaths = (
				"$(DERIVED_FILE_DIR)/Pods-ReaddleContacts-checkManifestLockResult.txt",
			);
			runOnlyForDeploymentPostprocessing = 0;
			shellPath = /bin/sh;
			shellScript = "diff \"${PODS_PODFILE_DIR_PATH}/Podfile.lock\" \"${PODS_ROOT}/Manifest.lock\" > /dev/null\nif [ $? != 0 ] ; then\n    # print error to STDERR\n    echo \"error: The sandbox is not in sync with the Podfile.lock. Run 'pod install' or update your CocoaPods installation.\" >&2\n    exit 1\nfi\n# This output is used by Xcode 'outputs' to avoid re-running this script phase.\necho \"SUCCESS\" > \"${SCRIPT_OUTPUT_FILE_0}\"\n";
			showEnvVarsInLog = 0;
		};
		DAC6513424807A46004EE935 /* ShellScript */ = {
			isa = PBXShellScriptBuildPhase;
			buildActionMask = 2147483647;
			files = (
			);
			inputFileListPaths = (
			);
			inputPaths = (
			);
			outputFileListPaths = (
			);
			outputPaths = (
			);
			runOnlyForDeploymentPostprocessing = 0;
			shellPath = /bin/sh;
			shellScript = "# Type a script or drag a script file from your workspace to insert its path.\nif which swiftlint >/dev/null; then\n  swiftlint\nelse\n  echo \"warning: SwiftLint not installed, download from https://github.com/realm/SwiftLint\"\nfi\n";
		};
/* End PBXShellScriptBuildPhase section */

/* Begin PBXSourcesBuildPhase section */
		DAF480DA247C047E00D165D2 /* Sources */ = {
			isa = PBXSourcesBuildPhase;
			buildActionMask = 2147483647;
			files = (
				DAF4810C247C0C9100D165D2 /* NetCommon.swift in Sources */,
				DAD43709247EAEFA005E8AAE /* ContactsTableView.swift in Sources */,
				DAEA0AF82482AB97005F8F00 /* RandomNameAPI.swift in Sources */,
				DA9D7F462481C09A000C7373 /* AnimationUtils.swift in Sources */,
				DAD4370B247ED105005E8AAE /* ContactsCollectionView.swift in Sources */,
				DAEA0B002482C535005F8F00 /* Utils.swift in Sources */,
				DAEA0AFC2482B712005F8F00 /* StringUtils.swift in Sources */,
				DA899A14247C568E006F084D /* SingleContactPresenter.swift in Sources */,
				DA6769D22481594F0072F5DC /* AllToSingleViewAnimation.swift in Sources */,
				DA899A10247C3B2C006F084D /* AllContactsPresener.swift in Sources */,
				DAA4A132247C27E000426E2F /* MockContactsProvider.swift in Sources */,
				DAF480E6247C047E00D165D2 /* AllContactsViewController.swift in Sources */,
				DAC6513324802BC0004EE935 /* AlertErrorHandler.swift in Sources */,
				DAC6513C24809907004EE935 /* SingleContactViewController.swift in Sources */,
				DAF48108247C07D700D165D2 /* NetGravatarAPI.swift in Sources */,
				DAD43707247EA9F0005E8AAE /* ContactsView.swift in Sources */,
				DAF480E2247C047E00D165D2 /* AppDelegate.swift in Sources */,
				DAA4A12A247C229000426E2F /* ContactsProvider.swift in Sources */,
				DA899A1F247DE442006F084D /* CachedStorage.swift in Sources */,
				DAF48105247C069D00D165D2 /* GravatarAPI.swift in Sources */,
				DA899A1D247D5309006F084D /* ArrayUtils.swift in Sources */,
				DAF480E4247C047E00D165D2 /* SceneDelegate.swift in Sources */,
				DAF7E2E8247E9CD800FAC543 /* AvatarView.swift in Sources */,
				DA899A1B247D3FC5006F084D /* ImageUtils.swift in Sources */,
				DAEA0AFE2482C266005F8F00 /* DataProviderCommon.swift in Sources */,
			);
			runOnlyForDeploymentPostprocessing = 0;
		};
		DAF480F0247C048000D165D2 /* Sources */ = {
			isa = PBXSourcesBuildPhase;
			buildActionMask = 2147483647;
			files = (
				DAEA0AFA2482AF6E005F8F00 /* RandomNameAPITests.swift in Sources */,
				DA899A12247C49BB006F084D /* AllContactsPresenterTests.swift in Sources */,
				DAF480F9247C048000D165D2 /* GravatarTests.swift in Sources */,
				DAA4A12C247C240400426E2F /* ContactProviderTests.swift in Sources */,
				DA899A18247C5B3D006F084D /* SingleContactPresenterTests.swift in Sources */,
			);
			runOnlyForDeploymentPostprocessing = 0;
		};
/* End PBXSourcesBuildPhase section */

/* Begin PBXTargetDependency section */
		DAF480F6247C048000D165D2 /* PBXTargetDependency */ = {
			isa = PBXTargetDependency;
			target = DAF480DD247C047E00D165D2 /* ReaddleContacts */;
			targetProxy = DAF480F5247C048000D165D2 /* PBXContainerItemProxy */;
		};
/* End PBXTargetDependency section */

/* Begin PBXVariantGroup section */
		DAF480EC247C048000D165D2 /* LaunchScreen.storyboard */ = {
			isa = PBXVariantGroup;
			children = (
				DAF480ED247C048000D165D2 /* Base */,
			);
			name = LaunchScreen.storyboard;
			sourceTree = "<group>";
		};
/* End PBXVariantGroup section */

/* Begin XCBuildConfiguration section */
		DAF480FB247C048000D165D2 /* Debug */ = {
			isa = XCBuildConfiguration;
			buildSettings = {
				ALWAYS_SEARCH_USER_PATHS = NO;
				CLANG_ANALYZER_NONNULL = YES;
				CLANG_ANALYZER_NUMBER_OBJECT_CONVERSION = YES_AGGRESSIVE;
				CLANG_CXX_LANGUAGE_STANDARD = "gnu++14";
				CLANG_CXX_LIBRARY = "libc++";
				CLANG_ENABLE_MODULES = YES;
				CLANG_ENABLE_OBJC_ARC = YES;
				CLANG_ENABLE_OBJC_WEAK = YES;
				CLANG_WARN_BLOCK_CAPTURE_AUTORELEASING = YES;
				CLANG_WARN_BOOL_CONVERSION = YES;
				CLANG_WARN_COMMA = YES;
				CLANG_WARN_CONSTANT_CONVERSION = YES;
				CLANG_WARN_DEPRECATED_OBJC_IMPLEMENTATIONS = YES;
				CLANG_WARN_DIRECT_OBJC_ISA_USAGE = YES_ERROR;
				CLANG_WARN_DOCUMENTATION_COMMENTS = YES;
				CLANG_WARN_EMPTY_BODY = YES;
				CLANG_WARN_ENUM_CONVERSION = YES;
				CLANG_WARN_INFINITE_RECURSION = YES;
				CLANG_WARN_INT_CONVERSION = YES;
				CLANG_WARN_NON_LITERAL_NULL_CONVERSION = YES;
				CLANG_WARN_OBJC_IMPLICIT_RETAIN_SELF = YES;
				CLANG_WARN_OBJC_LITERAL_CONVERSION = YES;
				CLANG_WARN_OBJC_ROOT_CLASS = YES_ERROR;
				CLANG_WARN_RANGE_LOOP_ANALYSIS = YES;
				CLANG_WARN_STRICT_PROTOTYPES = YES;
				CLANG_WARN_SUSPICIOUS_MOVE = YES;
				CLANG_WARN_UNGUARDED_AVAILABILITY = YES_AGGRESSIVE;
				CLANG_WARN_UNREACHABLE_CODE = YES;
				CLANG_WARN__DUPLICATE_METHOD_MATCH = YES;
				COPY_PHASE_STRIP = NO;
				DEBUG_INFORMATION_FORMAT = dwarf;
				ENABLE_STRICT_OBJC_MSGSEND = YES;
				ENABLE_TESTABILITY = YES;
				GCC_C_LANGUAGE_STANDARD = gnu11;
				GCC_DYNAMIC_NO_PIC = NO;
				GCC_NO_COMMON_BLOCKS = YES;
				GCC_OPTIMIZATION_LEVEL = 0;
				GCC_PREPROCESSOR_DEFINITIONS = (
					"DEBUG=1",
					"$(inherited)",
				);
				GCC_WARN_64_TO_32_BIT_CONVERSION = YES;
				GCC_WARN_ABOUT_RETURN_TYPE = YES_ERROR;
				GCC_WARN_UNDECLARED_SELECTOR = YES;
				GCC_WARN_UNINITIALIZED_AUTOS = YES_AGGRESSIVE;
				GCC_WARN_UNUSED_FUNCTION = YES;
				GCC_WARN_UNUSED_VARIABLE = YES;
				IPHONEOS_DEPLOYMENT_TARGET = 13.4;
				MTL_ENABLE_DEBUG_INFO = INCLUDE_SOURCE;
				MTL_FAST_MATH = YES;
				ONLY_ACTIVE_ARCH = YES;
				SDKROOT = iphoneos;
				SWIFT_ACTIVE_COMPILATION_CONDITIONS = DEBUG;
				SWIFT_OPTIMIZATION_LEVEL = "-Onone";
			};
			name = Debug;
		};
		DAF480FC247C048000D165D2 /* Release */ = {
			isa = XCBuildConfiguration;
			buildSettings = {
				ALWAYS_SEARCH_USER_PATHS = NO;
				CLANG_ANALYZER_NONNULL = YES;
				CLANG_ANALYZER_NUMBER_OBJECT_CONVERSION = YES_AGGRESSIVE;
				CLANG_CXX_LANGUAGE_STANDARD = "gnu++14";
				CLANG_CXX_LIBRARY = "libc++";
				CLANG_ENABLE_MODULES = YES;
				CLANG_ENABLE_OBJC_ARC = YES;
				CLANG_ENABLE_OBJC_WEAK = YES;
				CLANG_WARN_BLOCK_CAPTURE_AUTORELEASING = YES;
				CLANG_WARN_BOOL_CONVERSION = YES;
				CLANG_WARN_COMMA = YES;
				CLANG_WARN_CONSTANT_CONVERSION = YES;
				CLANG_WARN_DEPRECATED_OBJC_IMPLEMENTATIONS = YES;
				CLANG_WARN_DIRECT_OBJC_ISA_USAGE = YES_ERROR;
				CLANG_WARN_DOCUMENTATION_COMMENTS = YES;
				CLANG_WARN_EMPTY_BODY = YES;
				CLANG_WARN_ENUM_CONVERSION = YES;
				CLANG_WARN_INFINITE_RECURSION = YES;
				CLANG_WARN_INT_CONVERSION = YES;
				CLANG_WARN_NON_LITERAL_NULL_CONVERSION = YES;
				CLANG_WARN_OBJC_IMPLICIT_RETAIN_SELF = YES;
				CLANG_WARN_OBJC_LITERAL_CONVERSION = YES;
				CLANG_WARN_OBJC_ROOT_CLASS = YES_ERROR;
				CLANG_WARN_RANGE_LOOP_ANALYSIS = YES;
				CLANG_WARN_STRICT_PROTOTYPES = YES;
				CLANG_WARN_SUSPICIOUS_MOVE = YES;
				CLANG_WARN_UNGUARDED_AVAILABILITY = YES_AGGRESSIVE;
				CLANG_WARN_UNREACHABLE_CODE = YES;
				CLANG_WARN__DUPLICATE_METHOD_MATCH = YES;
				COPY_PHASE_STRIP = NO;
				DEBUG_INFORMATION_FORMAT = "dwarf-with-dsym";
				ENABLE_NS_ASSERTIONS = NO;
				ENABLE_STRICT_OBJC_MSGSEND = YES;
				GCC_C_LANGUAGE_STANDARD = gnu11;
				GCC_NO_COMMON_BLOCKS = YES;
				GCC_WARN_64_TO_32_BIT_CONVERSION = YES;
				GCC_WARN_ABOUT_RETURN_TYPE = YES_ERROR;
				GCC_WARN_UNDECLARED_SELECTOR = YES;
				GCC_WARN_UNINITIALIZED_AUTOS = YES_AGGRESSIVE;
				GCC_WARN_UNUSED_FUNCTION = YES;
				GCC_WARN_UNUSED_VARIABLE = YES;
				IPHONEOS_DEPLOYMENT_TARGET = 13.4;
				MTL_ENABLE_DEBUG_INFO = NO;
				MTL_FAST_MATH = YES;
				SDKROOT = iphoneos;
				SWIFT_COMPILATION_MODE = wholemodule;
				SWIFT_OPTIMIZATION_LEVEL = "-O";
				VALIDATE_PRODUCT = YES;
			};
			name = Release;
		};
		DAF480FE247C048000D165D2 /* Debug */ = {
			isa = XCBuildConfiguration;
			baseConfigurationReference = 44E39941F4AFE76795B83753 /* Pods-ReaddleContacts.debug.xcconfig */;
			buildSettings = {
				ASSETCATALOG_COMPILER_APPICON_NAME = AppIcon;
				CODE_SIGN_STYLE = Automatic;
				DEVELOPMENT_TEAM = 2V8DLQ6638;
				INFOPLIST_FILE = ReaddleContacts/Info.plist;
				LD_RUNPATH_SEARCH_PATHS = (
					"$(inherited)",
					"@executable_path/Frameworks",
				);
				PRODUCT_BUNDLE_IDENTIFIER = com.shivatinker.ReaddleContacts;
				PRODUCT_NAME = "$(TARGET_NAME)";
				SWIFT_VERSION = 5.0;
				TARGETED_DEVICE_FAMILY = "1,2";
			};
			name = Debug;
		};
		DAF480FF247C048000D165D2 /* Release */ = {
			isa = XCBuildConfiguration;
			baseConfigurationReference = D2D4D9AE1F387A14D8070E61 /* Pods-ReaddleContacts.release.xcconfig */;
			buildSettings = {
				ASSETCATALOG_COMPILER_APPICON_NAME = AppIcon;
				CODE_SIGN_STYLE = Automatic;
				DEVELOPMENT_TEAM = 2V8DLQ6638;
				INFOPLIST_FILE = ReaddleContacts/Info.plist;
				LD_RUNPATH_SEARCH_PATHS = (
					"$(inherited)",
					"@executable_path/Frameworks",
				);
				PRODUCT_BUNDLE_IDENTIFIER = com.shivatinker.ReaddleContacts;
				PRODUCT_NAME = "$(TARGET_NAME)";
				SWIFT_VERSION = 5.0;
				TARGETED_DEVICE_FAMILY = "1,2";
			};
			name = Release;
		};
		DAF48101247C048000D165D2 /* Debug */ = {
			isa = XCBuildConfiguration;
			baseConfigurationReference = 609D0195C480619734844F69 /* Pods-ReaddleContactsTests.debug.xcconfig */;
			buildSettings = {
				ALWAYS_EMBED_SWIFT_STANDARD_LIBRARIES = YES;
				BUNDLE_LOADER = "$(TEST_HOST)";
				CODE_SIGN_STYLE = Automatic;
				DEVELOPMENT_TEAM = 2V8DLQ6638;
				INFOPLIST_FILE = ReaddleContactsTests/Info.plist;
				IPHONEOS_DEPLOYMENT_TARGET = 13.4;
				LD_RUNPATH_SEARCH_PATHS = (
					"$(inherited)",
					"@executable_path/Frameworks",
					"@loader_path/Frameworks",
				);
				PRODUCT_BUNDLE_IDENTIFIER = com.shivatinker.ReaddleContactsTests;
				PRODUCT_NAME = "$(TARGET_NAME)";
				SWIFT_VERSION = 5.0;
				TARGETED_DEVICE_FAMILY = "1,2";
				TEST_HOST = "$(BUILT_PRODUCTS_DIR)/ReaddleContacts.app/ReaddleContacts";
			};
			name = Debug;
		};
		DAF48102247C048000D165D2 /* Release */ = {
			isa = XCBuildConfiguration;
			baseConfigurationReference = A18E2B046514B77F64031B84 /* Pods-ReaddleContactsTests.release.xcconfig */;
			buildSettings = {
				ALWAYS_EMBED_SWIFT_STANDARD_LIBRARIES = YES;
				BUNDLE_LOADER = "$(TEST_HOST)";
				CODE_SIGN_STYLE = Automatic;
				DEVELOPMENT_TEAM = 2V8DLQ6638;
				INFOPLIST_FILE = ReaddleContactsTests/Info.plist;
				IPHONEOS_DEPLOYMENT_TARGET = 13.4;
				LD_RUNPATH_SEARCH_PATHS = (
					"$(inherited)",
					"@executable_path/Frameworks",
					"@loader_path/Frameworks",
				);
				PRODUCT_BUNDLE_IDENTIFIER = com.shivatinker.ReaddleContactsTests;
				PRODUCT_NAME = "$(TARGET_NAME)";
				SWIFT_VERSION = 5.0;
				TARGETED_DEVICE_FAMILY = "1,2";
				TEST_HOST = "$(BUILT_PRODUCTS_DIR)/ReaddleContacts.app/ReaddleContacts";
			};
			name = Release;
		};
/* End XCBuildConfiguration section */

/* Begin XCConfigurationList section */
		DAF480D9247C047E00D165D2 /* Build configuration list for PBXProject "ReaddleContacts" */ = {
			isa = XCConfigurationList;
			buildConfigurations = (
				DAF480FB247C048000D165D2 /* Debug */,
				DAF480FC247C048000D165D2 /* Release */,
			);
			defaultConfigurationIsVisible = 0;
			defaultConfigurationName = Release;
		};
		DAF480FD247C048000D165D2 /* Build configuration list for PBXNativeTarget "ReaddleContacts" */ = {
			isa = XCConfigurationList;
			buildConfigurations = (
				DAF480FE247C048000D165D2 /* Debug */,
				DAF480FF247C048000D165D2 /* Release */,
			);
			defaultConfigurationIsVisible = 0;
			defaultConfigurationName = Release;
		};
		DAF48100247C048000D165D2 /* Build configuration list for PBXNativeTarget "ReaddleContactsTests" */ = {
			isa = XCConfigurationList;
			buildConfigurations = (
				DAF48101247C048000D165D2 /* Debug */,
				DAF48102247C048000D165D2 /* Release */,
			);
			defaultConfigurationIsVisible = 0;
			defaultConfigurationName = Release;
		};
/* End XCConfigurationList section */
	};
	rootObject = DAF480D6247C047E00D165D2 /* Project object */;
}
